
Microsoft Visual Studio Solution File, Format Version 12.00
# Visual Studio Version 17
VisualStudioVersion = 17.1.32414.318
MinimumVisualStudioVersion = 10.0.40219.1
Project("{9A19103F-16F7-4668-BE54-9A1E7A4F7556}") = "Messaging Client", "Messaging System\Messaging Client.csproj", "{A2AD7DAD-0848-4184-920B-EB703F796FF5}"
EndProject
Project("{9A19103F-16F7-4668-BE54-9A1E7A4F7556}") = "Messaging Server", "Messaging Server\Messaging Server.csproj", "{3DC56174-93B1-479E-A1DB-2DFD9D8CF45E}"
EndProject
Global
	GlobalSection(SolutionConfigurationPlatforms) = preSolution
		Debug|Any CPU = Debug|Any CPU
		Release|Any CPU = Release|Any CPU
	EndGlobalSection
	GlobalSection(ProjectConfigurationPlatforms) = postSolution
		{A2AD7DAD-0848-4184-920B-EB703F796FF5}.Debug|Any CPU.ActiveCfg = Debug|Any CPU
		{A2AD7DAD-0848-4184-920B-EB703F796FF5}.Debug|Any CPU.Build.0 = Debug|Any CPU
		{A2AD7DAD-0848-4184-920B-EB703F796FF5}.Release|Any CPU.ActiveCfg = Release|Any CPU
		{A2AD7DAD-0848-4184-920B-EB703F796FF5}.Release|Any CPU.Build.0 = Release|Any CPU
		{3DC56174-93B1-479E-A1DB-2DFD9D8CF45E}.Debug|Any CPU.ActiveCfg = Debug|Any CPU
		{3DC56174-93B1-479E-A1DB-2DFD9D8CF45E}.Debug|Any CPU.Build.0 = Debug|Any CPU
		{3DC56174-93B1-479E-A1DB-2DFD9D8CF45E}.Release|Any CPU.ActiveCfg = Release|Any CPU
		{3DC56174-93B1-479E-A1DB-2DFD9D8CF45E}.Release|Any CPU.Build.0 = Release|Any CPU
	EndGlobalSection
	GlobalSection(SolutionProperties) = preSolution
		HideSolutionNode = FALSE
	EndGlobalSection
	GlobalSection(ExtensibilityGlobals) = postSolution
		SolutionGuid = {450BC772-3713-45AB-9994-C5B0E8B058FD}
	EndGlobalSection
EndGlobal
